{
	"name": "gw2-meta-planner",
	"version": "2.0.0-dev.1",
	"lockfileVersion": 3,
	"requires": true,
	"packages": {
		"": {
			"name": "gw2-meta-planner",
			"version": "2.0.0-dev.1",
			"devDependencies": {
				"eta": "^3.5.0",
				"watcher": "^2.3.1"
			}
		},
		"node_modules/dettle": {
			"version": "1.0.4",
			"resolved": "https://registry.npmjs.org/dettle/-/dettle-1.0.4.tgz",
			"integrity": "sha512-ktaWiLYYc/ajSa819+HxwABpqtk3dGIAmo5CbHvT3B6XyQSM7VNGDvCPNu94Ptc+Ti4tjTvAKRUCXU/lrVG4WQ==",
			"dev": true
		},
		"node_modules/eta": {
			"version": "3.5.0",
			"resolved": "https://registry.npmjs.org/eta/-/eta-3.5.0.tgz",
			"integrity": "sha512-e3x3FBvGzeCIHhF+zhK8FZA2vC5uFn6b4HJjegUbIWrDb4mJ7JjTGMJY9VGIbRVpmSwHopNiaJibhjIr+HfLug==",
			"dev": true,
			"engines": {
				"node": ">=6.0.0"
			},
			"funding": {
				"url": "https://github.com/eta-dev/eta?sponsor=1"
			}
		},
		"node_modules/promise-make-counter": {
			"version": "1.0.1",
			"resolved": "https://registry.npmjs.org/promise-make-counter/-/promise-make-counter-1.0.1.tgz",
			"integrity": "sha512-R1JGFIgSJDpNV/JXxytAx6K79noEpcBiZXWDa3ic9WEMpBZbUdVVQjlA266SCicJ9CGqd70iGbbzbjRKbGU1Jg==",
			"dev": true,
			"dependencies": {
				"promise-make-naked": "^3.0.0"
			}
		},
		"node_modules/promise-make-naked": {
			"version": "3.0.0",
			"resolved": "https://registry.npmjs.org/promise-make-naked/-/promise-make-naked-3.0.0.tgz",
			"integrity": "sha512-h71wwAMB2udFnlPmcxQMqKl6CckNLVKdk/ROtFivE6/VmW+rQKV0DWlGJ6VphRIoq22Tkonvdi3F+jlm5XDlow==",
			"dev": true
		},
		"node_modules/stubborn-fs": {
			"version": "1.2.5",
			"resolved": "https://registry.npmjs.org/stubborn-fs/-/stubborn-fs-1.2.5.tgz",
			"integrity": "sha512-H2N9c26eXjzL/S/K+i/RHHcFanE74dptvvjM8iwzwbVcWY/zjBbgRqF3K0DY4+OD+uTTASTBvDoxPDaPN02D7g==",
			"dev": true
		},
		"node_modules/tiny-readdir": {
			"version": "2.7.3",
			"resolved": "https://registry.npmjs.org/tiny-readdir/-/tiny-readdir-2.7.3.tgz",
			"integrity": "sha512-ae1CPk7/MRhdaSIfjytuCoCjcykCNfSH36MsD2Qq8A27apaVUV0nthOcCEjiBTTloBObq2ffvm0BycUayMWh3A==",
			"dev": true,
			"dependencies": {
				"promise-make-counter": "^1.0.1"
			}
		},
		"node_modules/watcher": {
			"version": "2.3.1",
			"resolved": "https://registry.npmjs.org/watcher/-/watcher-2.3.1.tgz",
			"integrity": "sha512-d3yl+ey35h05r5EFP0TafE2jsmQUJ9cc2aernRVyAkZiu0J3+3TbNugNcqdUJDoWOfL2p+bNsN427stsBC/HnA==",
			"dev": true,
			"dependencies": {
				"dettle": "^1.0.2",
				"stubborn-fs": "^1.2.5",
				"tiny-readdir": "^2.7.2"
			}
		}
	}
}
